{
  "version": 4,
  "terraform_version": "1.3.7",
  "serial": 33,
  "lineage": "b610f017-2b10-0f50-749f-1c93b6c5387e",
  "outputs": {
    "guardduty_attacker_script": {
      "value": "http://3.93.22.15/cgi-bin/attacker.sh",
      "type": "string"
    },
    "guardduty_detector_s3": {
      "value": "aws-guardduty-export20230910110312777800000002",
      "type": "string"
    },
    "guardduty_lambda_alert_invoke_result": {
      "value": "\"Completed\"",
      "type": "string"
    }
  },
  "resources": [
    {
      "mode": "data",
      "type": "archive_file",
      "name": "guardduty_py_zip",
      "provider": "provider[\"registry.terraform.io/hashicorp/archive\"]",
      "instances": [
        {
          "schema_version": 0,
          "attributes": {
            "exclude_symlink_directories": null,
            "excludes": null,
            "id": "738997c0761f0cc47f845b29a8a042c489aaa8ed",
            "output_base64sha256": "U3iWIuCEAP9KeX5ZkywK/XXY+AofGgox04tAo5Wsc7E=",
            "output_base64sha512": "8oyUPVdz/V90h/G6o03z6uzzPpBVSABgMzuMWhJUSPXrjtTegkwXUwv4IXrx+ym4c9MV7fhqF50ptGrBB17k5w==",
            "output_file_mode": null,
            "output_md5": "740f52b999c941c8ce3f417e98136cb7",
            "output_path": "guardduty_alerts_slack.zip",
            "output_sha": "738997c0761f0cc47f845b29a8a042c489aaa8ed",
            "output_sha256": "53789622e08400ff4a797e59932c0afd75d8f80a1f1a0a31d38b40a395ac73b1",
            "output_sha512": "f28c943d5773fd5f7487f1baa34df3eaecf33e9055480060333b8c5a125448f5eb8ed4de824c17530bf8217af1fb29b873d315edf86a179d29b46ac1075ee4e7",
            "output_size": 2388,
            "source": [],
            "source_content": null,
            "source_content_filename": null,
            "source_dir": "../py_code",
            "source_file": null,
            "type": "zip"
          },
          "sensitive_attributes": []
        }
      ]
    },
    {
      "mode": "data",
      "type": "aws_caller_identity",
      "name": "current",
      "provider": "provider[\"registry.terraform.io/hashicorp/aws\"]",
      "instances": [
        {
          "schema_version": 0,
          "attributes": {
            "account_id": "503675346867",
            "arn": "arn:aws:iam::503675346867:user/cloud_user",
            "id": "503675346867",
            "user_id": "AIDAXKRLD36Z7PMNYZUXM"
          },
          "sensitive_attributes": []
        }
      ]
    },
    {
      "mode": "data",
      "type": "aws_iam_policy_document",
      "name": "guardduty_s3_bucket_policy_document",
      "provider": "provider[\"registry.terraform.io/hashicorp/aws\"]",
      "instances": [
        {
          "schema_version": 0,
          "attributes": {
            "id": "2652272535",
            "json": "{\n  \"Version\": \"2012-10-17\",\n  \"Statement\": [\n    {\n      \"Sid\": \"GuardDutyServicePutToS3\",\n      \"Effect\": \"Allow\",\n      \"Action\": [\n        \"s3:PutObject\",\n        \"s3:GetBucketLocation\"\n      ],\n      \"Resource\": [\n        \"arn:aws:s3:::aws-guardduty-export20230910110312777800000002/*\",\n        \"arn:aws:s3:::aws-guardduty-export20230910110312777800000002\"\n      ],\n      \"Principal\": {\n        \"Service\": \"guardduty.amazonaws.com\"\n      }\n    }\n  ]\n}",
            "override_policy_documents": null,
            "policy_id": null,
            "source_policy_documents": null,
            "statement": [
              {
                "actions": [
                  "s3:GetBucketLocation",
                  "s3:PutObject"
                ],
                "condition": [],
                "effect": "Allow",
                "not_actions": [],
                "not_principals": [],
                "not_resources": [],
                "principals": [
                  {
                    "identifiers": [
                      "guardduty.amazonaws.com"
                    ],
                    "type": "Service"
                  }
                ],
                "resources": [
                  "arn:aws:s3:::aws-guardduty-export20230910110312777800000002",
                  "arn:aws:s3:::aws-guardduty-export20230910110312777800000002/*"
                ],
                "sid": "GuardDutyServicePutToS3"
              }
            ],
            "version": "2012-10-17"
          },
          "sensitive_attributes": []
        }
      ]
    },
    {
      "mode": "data",
      "type": "aws_iam_policy_document",
      "name": "guardduty_s3_encrypt_kms_key_policy_document",
      "provider": "provider[\"registry.terraform.io/hashicorp/aws\"]",
      "instances": [
        {
          "schema_version": 0,
          "attributes": {
            "id": "4228093406",
            "json": "{\n  \"Version\": \"2012-10-17\",\n  \"Statement\": [\n    {\n      \"Sid\": \"Allow Root User to Access the Key\",\n      \"Effect\": \"Allow\",\n      \"Action\": \"kms:*\",\n      \"Resource\": \"arn:aws:kms:us-east-1:503675346867:key/705a2802-8fee-436f-978a-9a118b344ea7\",\n      \"Principal\": {\n        \"AWS\": \"arn:aws:iam::503675346867:root\"\n      }\n    },\n    {\n      \"Sid\": \"Allow GuardDuty to Encrypt findings\",\n      \"Effect\": \"Allow\",\n      \"Action\": \"kms:GenerateDataKey\",\n      \"Resource\": \"arn:aws:kms:us-east-1:503675346867:key/705a2802-8fee-436f-978a-9a118b344ea7\",\n      \"Principal\": {\n        \"Service\": \"guardduty.amazonaws.com\"\n      }\n    }\n  ]\n}",
            "override_policy_documents": null,
            "policy_id": null,
            "source_policy_documents": null,
            "statement": [
              {
                "actions": [
                  "kms:*"
                ],
                "condition": [],
                "effect": "Allow",
                "not_actions": [],
                "not_principals": [],
                "not_resources": [],
                "principals": [
                  {
                    "identifiers": [
                      "arn:aws:iam::503675346867:root"
                    ],
                    "type": "AWS"
                  }
                ],
                "resources": [
                  "arn:aws:kms:us-east-1:503675346867:key/705a2802-8fee-436f-978a-9a118b344ea7"
                ],
                "sid": "Allow Root User to Access the Key"
              },
              {
                "actions": [
                  "kms:GenerateDataKey"
                ],
                "condition": [],
                "effect": "Allow",
                "not_actions": [],
                "not_principals": [],
                "not_resources": [],
                "principals": [
                  {
                    "identifiers": [
                      "guardduty.amazonaws.com"
                    ],
                    "type": "Service"
                  }
                ],
                "resources": [
                  "arn:aws:kms:us-east-1:503675346867:key/705a2802-8fee-436f-978a-9a118b344ea7"
                ],
                "sid": "Allow GuardDuty to Encrypt findings"
              }
            ],
            "version": "2012-10-17"
          },
          "sensitive_attributes": []
        }
      ]
    },
    {
      "mode": "data",
      "type": "aws_iam_policy_document",
      "name": "lambda_assume_role",
      "provider": "provider[\"registry.terraform.io/hashicorp/aws\"]",
      "instances": [
        {
          "schema_version": 0,
          "attributes": {
            "id": "2690255455",
            "json": "{\n  \"Version\": \"2012-10-17\",\n  \"Statement\": [\n    {\n      \"Effect\": \"Allow\",\n      \"Action\": \"sts:AssumeRole\",\n      \"Principal\": {\n        \"Service\": \"lambda.amazonaws.com\"\n      }\n    }\n  ]\n}",
            "override_policy_documents": null,
            "policy_id": null,
            "source_policy_documents": null,
            "statement": [
              {
                "actions": [
                  "sts:AssumeRole"
                ],
                "condition": [],
                "effect": "Allow",
                "not_actions": [],
                "not_principals": [],
                "not_resources": [],
                "principals": [
                  {
                    "identifiers": [
                      "lambda.amazonaws.com"
                    ],
                    "type": "Service"
                  }
                ],
                "resources": [],
                "sid": ""
              }
            ],
            "version": "2012-10-17"
          },
          "sensitive_attributes": []
        }
      ]
    },
    {
      "mode": "data",
      "type": "aws_region",
      "name": "current",
      "provider": "provider[\"registry.terraform.io/hashicorp/aws\"]",
      "instances": [
        {
          "schema_version": 0,
          "attributes": {
            "description": "US East (N. Virginia)",
            "endpoint": "ec2.us-east-1.amazonaws.com",
            "id": "us-east-1",
            "name": "us-east-1"
          },
          "sensitive_attributes": []
        }
      ]
    },
    {
      "mode": "managed",
      "type": "aws_cloudwatch_event_rule",
      "name": "guardduty_eventbridge_rule",
      "provider": "provider[\"registry.terraform.io/hashicorp/aws\"]",
      "instances": [
        {
          "schema_version": 0,
          "attributes": {
            "arn": "arn:aws:events:us-east-1:503675346867:rule/GuardDuty_EventBridge_Rule",
            "description": "Capture All GuardDuty Events",
            "event_bus_name": "default",
            "event_pattern": "{\"detail-type\":[\"GuardDuty Finding\",\"GuardDuty Runtime Protection Unhealthy\",\"GuardDuty Runtime Protection Healthy\"],\"source\":[\"aws.guardduty\"]}",
            "id": "GuardDuty_EventBridge_Rule",
            "is_enabled": true,
            "name": "GuardDuty_EventBridge_Rule",
            "name_prefix": "",
            "role_arn": "",
            "schedule_expression": "",
            "tags": null,
            "tags_all": {}
          },
          "sensitive_attributes": [],
          "private": "bnVsbA=="
        }
      ]
    },
    {
      "mode": "managed",
      "type": "aws_cloudwatch_event_target",
      "name": "guardduty_eventbridge_rule_target_lambda",
      "provider": "provider[\"registry.terraform.io/hashicorp/aws\"]",
      "instances": [
        {
          "schema_version": 1,
          "attributes": {
            "arn": "arn:aws:lambda:us-east-1:503675346867:function:GuardDutyAlert",
            "batch_target": [],
            "dead_letter_config": [],
            "ecs_target": [],
            "event_bus_name": "default",
            "http_target": [],
            "id": "GuardDuty_EventBridge_Rule-terraform-20230910110332046300000008",
            "input": "",
            "input_path": "",
            "input_transformer": [],
            "kinesis_target": [],
            "redshift_target": [],
            "retry_policy": [],
            "role_arn": "",
            "rule": "GuardDuty_EventBridge_Rule",
            "run_command_targets": [],
            "sqs_target": [],
            "target_id": "terraform-20230910110332046300000008"
          },
          "sensitive_attributes": [],
          "private": "eyJzY2hlbWFfdmVyc2lvbiI6IjEifQ==",
          "dependencies": [
            "aws_cloudwatch_event_rule.guardduty_eventbridge_rule",
            "aws_iam_policy.lambda_allow_putlogs_to_cloudwatch",
            "aws_iam_role.iam_for_lambda",
            "aws_lambda_function.guardduty_lambda_alert",
            "data.archive_file.guardduty_py_zip",
            "data.aws_caller_identity.current",
            "data.aws_iam_policy_document.lambda_assume_role",
            "data.aws_region.current",
            "random_string.random_data"
          ]
        }
      ]
    },
    {
      "mode": "managed",
      "type": "aws_guardduty_detector",
      "name": "guardduty_detector_idps",
      "provider": "provider[\"registry.terraform.io/hashicorp/aws\"]",
      "instances": [
        {
          "schema_version": 0,
          "attributes": {
            "account_id": "503675346867",
            "arn": "arn:aws:guardduty:us-east-1:503675346867:detector/60c53f61467426d832a4befe8174f4a7",
            "datasources": [
              {
                "kubernetes": [
                  {
                    "audit_logs": [
                      {
                        "enable": true
                      }
                    ]
                  }
                ],
                "malware_protection": [
                  {
                    "scan_ec2_instance_with_findings": [
                      {
                        "ebs_volumes": [
                          {
                            "enable": true
                          }
                        ]
                      }
                    ]
                  }
                ],
                "s3_logs": [
                  {
                    "enable": true
                  }
                ]
              }
            ],
            "enable": true,
            "finding_publishing_frequency": "FIFTEEN_MINUTES",
            "id": "60c53f61467426d832a4befe8174f4a7",
            "tags": null,
            "tags_all": {}
          },
          "sensitive_attributes": [],
          "private": "bnVsbA=="
        }
      ]
    },
    {
      "mode": "managed",
      "type": "aws_guardduty_publishing_destination",
      "name": "guardduty_s3_export_settings",
      "provider": "provider[\"registry.terraform.io/hashicorp/aws\"]",
      "instances": [
        {
          "schema_version": 0,
          "attributes": {
            "destination_arn": "arn:aws:s3:::aws-guardduty-export20230910110312777800000002",
            "destination_type": "S3",
            "detector_id": "60c53f61467426d832a4befe8174f4a7",
            "id": "60c53f61467426d832a4befe8174f4a7:b8c53f6151dc757cbaf9a4e3d429fc1c",
            "kms_key_arn": "arn:aws:kms:us-east-1:503675346867:key/705a2802-8fee-436f-978a-9a118b344ea7"
          },
          "sensitive_attributes": [],
          "private": "bnVsbA==",
          "dependencies": [
            "aws_guardduty_detector.guardduty_detector_idps",
            "aws_kms_key.guardduty_s3_encrypt_kms_key",
            "aws_s3_bucket.guardduty_s3_bucket",
            "aws_s3_bucket_policy.guardduty_s3_bucket_policy",
            "data.aws_iam_policy_document.guardduty_s3_bucket_policy_document"
          ]
        }
      ]
    },
    {
      "mode": "managed",
      "type": "aws_iam_instance_profile",
      "name": "attacker_machine_ec2_profile",
      "provider": "provider[\"registry.terraform.io/hashicorp/aws\"]",
      "instances": [
        {
          "schema_version": 0,
          "attributes": {
            "arn": "arn:aws:iam::503675346867:instance-profile/Attacker_Machine_EC2_Profile",
            "create_date": "2023-09-10T11:03:14Z",
            "id": "Attacker_Machine_EC2_Profile",
            "name": "Attacker_Machine_EC2_Profile",
            "name_prefix": "",
            "path": "/",
            "role": "Attacker_Machine_EC2_Role",
            "tags": null,
            "tags_all": {},
            "unique_id": "AIPAXKRLD36ZX6OTZGP74"
          },
          "sensitive_attributes": [],
          "private": "bnVsbA==",
          "dependencies": [
            "aws_iam_role.attacker_machine_ec2_role"
          ]
        }
      ]
    },
    {
      "mode": "managed",
      "type": "aws_iam_instance_profile",
      "name": "elastic_agent_ec2_profile",
      "provider": "provider[\"registry.terraform.io/hashicorp/aws\"]",
      "instances": [
        {
          "schema_version": 0,
          "attributes": {
            "arn": "arn:aws:iam::503675346867:instance-profile/Elastic_Agent_EC2_Profile",
            "create_date": "2023-09-10T11:03:14Z",
            "id": "Elastic_Agent_EC2_Profile",
            "name": "Elastic_Agent_EC2_Profile",
            "name_prefix": "",
            "path": "/",
            "role": "Elastic_Agent_EC2_Role",
            "tags": null,
            "tags_all": {},
            "unique_id": "AIPAXKRLD36Z5O2AOZIMT"
          },
          "sensitive_attributes": [],
          "private": "bnVsbA==",
          "dependencies": [
            "aws_iam_role.elastic_agent_ec2_role"
          ]
        }
      ]
    },
    {
      "mode": "managed",
      "type": "aws_iam_policy",
      "name": "ec2_script_permissions",
      "provider": "provider[\"registry.terraform.io/hashicorp/aws\"]",
      "instances": [
        {
          "schema_version": 0,
          "attributes": {
            "arn": "arn:aws:iam::503675346867:policy/EC2_Script_Permissions",
            "description": "EC2 Script Permissions",
            "id": "arn:aws:iam::503675346867:policy/EC2_Script_Permissions",
            "name": "EC2_Script_Permissions",
            "name_prefix": "",
            "path": "/",
            "policy": "{\"Statement\":[{\"Action\":[\"s3:CreateBucket*\",\"s3:PutBucketPublicAccessBlock\",\"s3:PutBucketPolicy\"],\"Effect\":\"Allow\",\"Resource\":[\"arn:aws:s3:::creds-apps-built-*\"],\"Sid\":\"CURDBucketRestrictedAccess\"},{\"Action\":[\"guardduty:CreateSampleFindings\",\"guardduty:ListDetectors\",\"ec2:DescribeInstances\"],\"Effect\":\"Allow\",\"Resource\":[\"*\"],\"Sid\":\"GuardDutyAndEC2RestrictedAccess\"},{\"Action\":[\"s3:GetObject\",\"s3:ListBucket*\"],\"Effect\":\"Allow\",\"Resource\":[\"arn:aws:s3:::attacker-scripts20230910110312773900000001\",\"arn:aws:s3:::attacker-scripts20230910110312773900000001/*\"],\"Sid\":\"AttackerScriptsBucketROAccess\"}],\"Version\":\"2012-10-17\"}",
            "policy_id": "ANPAXKRLD36Z5K5WX3T5Q",
            "tags": null,
            "tags_all": {}
          },
          "sensitive_attributes": [],
          "private": "bnVsbA==",
          "dependencies": [
            "aws_s3_bucket.attacker_scripts"
          ]
        }
      ]
    },
    {
      "mode": "managed",
      "type": "aws_iam_policy",
      "name": "elastic_agent_permission",
      "provider": "provider[\"registry.terraform.io/hashicorp/aws\"]",
      "instances": [
        {
          "schema_version": 0,
          "attributes": {
            "arn": "arn:aws:iam::503675346867:policy/Elastic_Agent_Permission",
            "description": "",
            "id": "arn:aws:iam::503675346867:policy/Elastic_Agent_Permission",
            "name": "Elastic_Agent_Permission",
            "name_prefix": "",
            "path": "/",
            "policy": "{\"Statement\":[{\"Action\":[\"kms:Decrypt\"],\"Effect\":\"Allow\",\"Resource\":\"arn:aws:kms:us-east-1:503675346867:key/705a2802-8fee-436f-978a-9a118b344ea7\"},{\"Action\":[\"s3:GetBucketLocation\"],\"Effect\":\"Allow\",\"Resource\":\"*\"},{\"Action\":[\"s3:GetObject\",\"s3:ListBucket*\"],\"Effect\":\"Allow\",\"Resource\":[\"arn:aws:s3:::aws-guardduty-export20230910110312777800000002\",\"arn:aws:s3:::aws-guardduty-export20230910110312777800000002/*\"]}],\"Version\":\"2012-10-17\"}",
            "policy_id": "ANPAXKRLD36ZUO6SC5JCA",
            "tags": null,
            "tags_all": {}
          },
          "sensitive_attributes": [],
          "private": "bnVsbA==",
          "dependencies": [
            "aws_kms_key.guardduty_s3_encrypt_kms_key",
            "aws_s3_bucket.guardduty_s3_bucket"
          ]
        }
      ]
    },
    {
      "mode": "managed",
      "type": "aws_iam_policy",
      "name": "lambda_allow_putlogs_to_cloudwatch",
      "provider": "provider[\"registry.terraform.io/hashicorp/aws\"]",
      "instances": [
        {
          "schema_version": 0,
          "attributes": {
            "arn": "arn:aws:iam::503675346867:policy/Lambda_Allow_PutLogs_To_CloudWatch",
            "description": "",
            "id": "arn:aws:iam::503675346867:policy/Lambda_Allow_PutLogs_To_CloudWatch",
            "name": "Lambda_Allow_PutLogs_To_CloudWatch",
            "name_prefix": "",
            "path": "/",
            "policy": "{\"Statement\":[{\"Action\":\"logs:CreateLogGroup\",\"Effect\":\"Allow\",\"Resource\":\"arn:aws:logs:us-east-1:503675346867:*\",\"Sid\":\"AllowCreateLogGroup\"},{\"Action\":[\"logs:CreateLogStream\",\"logs:PutLogEvents\"],\"Effect\":\"Allow\",\"Resource\":[\"arn:aws:logs:us-east-1:503675346867:log-group:/aws/lambda/GuardDutyAlert:*\"],\"Sid\":\"RestrictedLogPutAccess\"}],\"Version\":\"2012-10-17\"}",
            "policy_id": "ANPAXKRLD36Z2JYPPYOSY",
            "tags": null,
            "tags_all": {}
          },
          "sensitive_attributes": [],
          "private": "bnVsbA==",
          "dependencies": [
            "data.aws_caller_identity.current",
            "data.aws_region.current"
          ]
        }
      ]
    },
    {
      "mode": "managed",
      "type": "aws_iam_role",
      "name": "attacker_machine_ec2_role",
      "provider": "provider[\"registry.terraform.io/hashicorp/aws\"]",
      "instances": [
        {
          "schema_version": 0,
          "attributes": {
            "arn": "arn:aws:iam::503675346867:role/Attacker_Machine_EC2_Role",
            "assume_role_policy": "{\"Statement\":{\"Action\":\"sts:AssumeRole\",\"Effect\":\"Allow\",\"Principal\":{\"Service\":\"ec2.amazonaws.com\"}},\"Version\":\"2012-10-17\"}",
            "create_date": "2023-09-10T11:03:13Z",
            "description": "Attacker Machine EC2 Role",
            "force_detach_policies": false,
            "id": "Attacker_Machine_EC2_Role",
            "inline_policy": [],
            "managed_policy_arns": [],
            "max_session_duration": 3600,
            "name": "Attacker_Machine_EC2_Role",
            "name_prefix": "",
            "path": "/",
            "permissions_boundary": null,
            "role_last_used": [
              {
                "last_used_date": "",
                "region": ""
              }
            ],
            "tags": null,
            "tags_all": {},
            "unique_id": "AROAXKRLD36ZRLRU5YGEU"
          },
          "sensitive_attributes": [],
          "private": "bnVsbA=="
        }
      ]
    },
    {
      "mode": "managed",
      "type": "aws_iam_role",
      "name": "elastic_agent_ec2_role",
      "provider": "provider[\"registry.terraform.io/hashicorp/aws\"]",
      "instances": [
        {
          "schema_version": 0,
          "attributes": {
            "arn": "arn:aws:iam::503675346867:role/Elastic_Agent_EC2_Role",
            "assume_role_policy": "{\"Statement\":{\"Action\":\"sts:AssumeRole\",\"Effect\":\"Allow\",\"Principal\":{\"Service\":\"ec2.amazonaws.com\"}},\"Version\":\"2012-10-17\"}",
            "create_date": "2023-09-10T11:03:13Z",
            "description": "Instance Role used by Elastic Agent",
            "force_detach_policies": false,
            "id": "Elastic_Agent_EC2_Role",
            "inline_policy": [],
            "managed_policy_arns": [],
            "max_session_duration": 3600,
            "name": "Elastic_Agent_EC2_Role",
            "name_prefix": "",
            "path": "/",
            "permissions_boundary": null,
            "role_last_used": [
              {
                "last_used_date": "",
                "region": ""
              }
            ],
            "tags": null,
            "tags_all": {},
            "unique_id": "AROAXKRLD36ZSO6L46MS7"
          },
          "sensitive_attributes": [],
          "private": "bnVsbA=="
        }
      ]
    },
    {
      "mode": "managed",
      "type": "aws_iam_role",
      "name": "iam_for_lambda",
      "provider": "provider[\"registry.terraform.io/hashicorp/aws\"]",
      "instances": [
        {
          "schema_version": 0,
          "attributes": {
            "arn": "arn:aws:iam::503675346867:role/iam_for_lambda",
            "assume_role_policy": "{\"Statement\":[{\"Action\":\"sts:AssumeRole\",\"Effect\":\"Allow\",\"Principal\":{\"Service\":\"lambda.amazonaws.com\"}}],\"Version\":\"2012-10-17\"}",
            "create_date": "2023-09-10T11:03:14Z",
            "description": "",
            "force_detach_policies": false,
            "id": "iam_for_lambda",
            "inline_policy": [],
            "managed_policy_arns": [
              "arn:aws:iam::503675346867:policy/Lambda_Allow_PutLogs_To_CloudWatch"
            ],
            "max_session_duration": 3600,
            "name": "iam_for_lambda",
            "name_prefix": "",
            "path": "/",
            "permissions_boundary": null,
            "role_last_used": [
              {
                "last_used_date": "",
                "region": ""
              }
            ],
            "tags": null,
            "tags_all": {},
            "unique_id": "AROAXKRLD36ZZ45W3OOJM"
          },
          "sensitive_attributes": [],
          "private": "bnVsbA==",
          "dependencies": [
            "aws_iam_policy.lambda_allow_putlogs_to_cloudwatch",
            "data.aws_caller_identity.current",
            "data.aws_iam_policy_document.lambda_assume_role",
            "data.aws_region.current"
          ]
        }
      ]
    },
    {
      "mode": "managed",
      "type": "aws_iam_role_policy_attachment",
      "name": "ec2_script_permissions_attachment",
      "provider": "provider[\"registry.terraform.io/hashicorp/aws\"]",
      "instances": [
        {
          "schema_version": 0,
          "attributes": {
            "id": "Attacker_Machine_EC2_Role-20230910110318917600000007",
            "policy_arn": "arn:aws:iam::503675346867:policy/EC2_Script_Permissions",
            "role": "Attacker_Machine_EC2_Role"
          },
          "sensitive_attributes": [],
          "private": "bnVsbA==",
          "dependencies": [
            "aws_iam_policy.ec2_script_permissions",
            "aws_iam_role.attacker_machine_ec2_role",
            "aws_s3_bucket.attacker_scripts"
          ]
        }
      ]
    },
    {
      "mode": "managed",
      "type": "aws_iam_role_policy_attachment",
      "name": "elastic_agent_permission_attachment",
      "provider": "provider[\"registry.terraform.io/hashicorp/aws\"]",
      "instances": [
        {
          "schema_version": 0,
          "attributes": {
            "id": "Elastic_Agent_EC2_Role-20230910110318912200000006",
            "policy_arn": "arn:aws:iam::503675346867:policy/Elastic_Agent_Permission",
            "role": "Elastic_Agent_EC2_Role"
          },
          "sensitive_attributes": [],
          "private": "bnVsbA==",
          "dependencies": [
            "aws_iam_policy.elastic_agent_permission",
            "aws_iam_role.elastic_agent_ec2_role",
            "aws_kms_key.guardduty_s3_encrypt_kms_key",
            "aws_s3_bucket.guardduty_s3_bucket"
          ]
        }
      ]
    },
    {
      "mode": "managed",
      "type": "aws_instance",
      "name": "aws_instance2_for_victim",
      "provider": "provider[\"registry.terraform.io/hashicorp/aws\"]",
      "instances": [
        {
          "schema_version": 1,
          "attributes": {
            "ami": "ami-0715c1897453cabd1",
            "arn": "arn:aws:ec2:us-east-1:503675346867:instance/i-031cba86d6ac0531b",
            "associate_public_ip_address": true,
            "availability_zone": "us-east-1a",
            "capacity_reservation_specification": [
              {
                "capacity_reservation_preference": "open",
                "capacity_reservation_target": []
              }
            ],
            "cpu_core_count": 1,
            "cpu_options": [
              {
                "amd_sev_snp": "",
                "core_count": 1,
                "threads_per_core": 1
              }
            ],
            "cpu_threads_per_core": 1,
            "credit_specification": [
              {
                "cpu_credits": "standard"
              }
            ],
            "disable_api_stop": false,
            "disable_api_termination": false,
            "ebs_block_device": [],
            "ebs_optimized": false,
            "enclave_options": [
              {
                "enabled": false
              }
            ],
            "ephemeral_block_device": [],
            "get_password_data": false,
            "hibernation": false,
            "host_id": "",
            "host_resource_group_arn": null,
            "iam_instance_profile": "",
            "id": "i-031cba86d6ac0531b",
            "instance_initiated_shutdown_behavior": "stop",
            "instance_state": "running",
            "instance_type": "t2.micro",
            "ipv6_address_count": 0,
            "ipv6_addresses": [],
            "key_name": "",
            "launch_template": [],
            "maintenance_options": [
              {
                "auto_recovery": "default"
              }
            ],
            "metadata_options": [
              {
                "http_endpoint": "enabled",
                "http_put_response_hop_limit": 2,
                "http_tokens": "required",
                "instance_metadata_tags": "disabled"
              }
            ],
            "monitoring": false,
            "network_interface": [],
            "outpost_arn": "",
            "password_data": "",
            "placement_group": "",
            "placement_partition_number": 0,
            "primary_network_interface_id": "eni-0d0d068464c4e932b",
            "private_dns": "ip-172-31-35-84.ec2.internal",
            "private_dns_name_options": [
              {
                "enable_resource_name_dns_a_record": false,
                "enable_resource_name_dns_aaaa_record": false,
                "hostname_type": "ip-name"
              }
            ],
            "private_ip": "172.31.35.84",
            "public_dns": "ec2-18-206-196-183.compute-1.amazonaws.com",
            "public_ip": "18.206.196.183",
            "root_block_device": [
              {
                "delete_on_termination": true,
                "device_name": "/dev/xvda",
                "encrypted": false,
                "iops": 3000,
                "kms_key_id": "",
                "tags": {},
                "throughput": 125,
                "volume_id": "vol-0a004857913bbbe07",
                "volume_size": 8,
                "volume_type": "gp3"
              }
            ],
            "secondary_private_ips": [],
            "security_groups": [
              "EC2_Access SG"
            ],
            "source_dest_check": true,
            "subnet_id": "subnet-02f92f879ae5651ec",
            "tags": {
              "Name": "Victim_Machine"
            },
            "tags_all": {
              "Name": "Victim_Machine"
            },
            "tenancy": "default",
            "timeouts": null,
            "user_data": "e0912d60fb9f15c8c3567ad634c187d519872bc1",
            "user_data_base64": null,
            "user_data_replace_on_change": true,
            "volume_tags": null,
            "vpc_security_group_ids": [
              "sg-0ff13f9275b711249"
            ]
          },
          "sensitive_attributes": [],
          "private": "eyJlMmJmYjczMC1lY2FhLTExZTYtOGY4OC0zNDM2M2JjN2M0YzAiOnsiY3JlYXRlIjo2MDAwMDAwMDAwMDAsImRlbGV0ZSI6MTIwMDAwMDAwMDAwMCwidXBkYXRlIjo2MDAwMDAwMDAwMDB9LCJzY2hlbWFfdmVyc2lvbiI6IjEifQ==",
          "dependencies": [
            "aws_security_group.aws_ec2_access_sg",
            "random_string.random_data"
          ]
        }
      ]
    },
    {
      "mode": "managed",
      "type": "aws_instance",
      "name": "aws_instance_for_attacker",
      "provider": "provider[\"registry.terraform.io/hashicorp/aws\"]",
      "instances": [
        {
          "schema_version": 1,
          "attributes": {
            "ami": "ami-0715c1897453cabd1",
            "arn": "arn:aws:ec2:us-east-1:503675346867:instance/i-0f626af6d3971e848",
            "associate_public_ip_address": true,
            "availability_zone": "us-east-1a",
            "capacity_reservation_specification": [
              {
                "capacity_reservation_preference": "open",
                "capacity_reservation_target": []
              }
            ],
            "cpu_core_count": 1,
            "cpu_options": [
              {
                "amd_sev_snp": "",
                "core_count": 1,
                "threads_per_core": 1
              }
            ],
            "cpu_threads_per_core": 1,
            "credit_specification": [
              {
                "cpu_credits": "standard"
              }
            ],
            "disable_api_stop": false,
            "disable_api_termination": false,
            "ebs_block_device": [],
            "ebs_optimized": false,
            "enclave_options": [
              {
                "enabled": false
              }
            ],
            "ephemeral_block_device": [],
            "get_password_data": false,
            "hibernation": false,
            "host_id": "",
            "host_resource_group_arn": null,
            "iam_instance_profile": "Attacker_Machine_EC2_Profile",
            "id": "i-0f626af6d3971e848",
            "instance_initiated_shutdown_behavior": "stop",
            "instance_state": "running",
            "instance_type": "t2.micro",
            "ipv6_address_count": 0,
            "ipv6_addresses": [],
            "key_name": "",
            "launch_template": [],
            "maintenance_options": [
              {
                "auto_recovery": "default"
              }
            ],
            "metadata_options": [
              {
                "http_endpoint": "enabled",
                "http_put_response_hop_limit": 2,
                "http_tokens": "required",
                "instance_metadata_tags": "disabled"
              }
            ],
            "monitoring": false,
            "network_interface": [],
            "outpost_arn": "",
            "password_data": "",
            "placement_group": "",
            "placement_partition_number": 0,
            "primary_network_interface_id": "eni-04b4eb7ff43dcf762",
            "private_dns": "ip-172-31-40-87.ec2.internal",
            "private_dns_name_options": [
              {
                "enable_resource_name_dns_a_record": false,
                "enable_resource_name_dns_aaaa_record": false,
                "hostname_type": "ip-name"
              }
            ],
            "private_ip": "172.31.40.87",
            "public_dns": "ec2-3-93-22-15.compute-1.amazonaws.com",
            "public_ip": "3.93.22.15",
            "root_block_device": [
              {
                "delete_on_termination": true,
                "device_name": "/dev/xvda",
                "encrypted": false,
                "iops": 3000,
                "kms_key_id": "",
                "tags": {},
                "throughput": 125,
                "volume_id": "vol-01353a4499cb9f8e3",
                "volume_size": 8,
                "volume_type": "gp3"
              }
            ],
            "secondary_private_ips": [],
            "security_groups": [
              "EC2_Access SG"
            ],
            "source_dest_check": true,
            "subnet_id": "subnet-02f92f879ae5651ec",
            "tags": {
              "Name": "Attacker_Machine"
            },
            "tags_all": {
              "Name": "Attacker_Machine"
            },
            "tenancy": "default",
            "timeouts": null,
            "user_data": "6ec6910f9c8cc4a25a9d6980265511f3edc2ec70",
            "user_data_base64": null,
            "user_data_replace_on_change": true,
            "volume_tags": null,
            "vpc_security_group_ids": [
              "sg-0ff13f9275b711249"
            ]
          },
          "sensitive_attributes": [],
          "private": "eyJlMmJmYjczMC1lY2FhLTExZTYtOGY4OC0zNDM2M2JjN2M0YzAiOnsiY3JlYXRlIjo2MDAwMDAwMDAwMDAsImRlbGV0ZSI6MTIwMDAwMDAwMDAwMCwidXBkYXRlIjo2MDAwMDAwMDAwMDB9LCJzY2hlbWFfdmVyc2lvbiI6IjEifQ==",
          "dependencies": [
            "aws_iam_instance_profile.attacker_machine_ec2_profile",
            "aws_iam_role.attacker_machine_ec2_role",
            "aws_s3_bucket.attacker_scripts",
            "aws_security_group.aws_ec2_access_sg",
            "random_string.random_data"
          ]
        }
      ]
    },
    {
      "mode": "managed",
      "type": "aws_instance",
      "name": "aws_instance_for_elastic",
      "provider": "provider[\"registry.terraform.io/hashicorp/aws\"]",
      "instances": [
        {
          "schema_version": 1,
          "attributes": {
            "ami": "ami-0715c1897453cabd1",
            "arn": "arn:aws:ec2:us-east-1:503675346867:instance/i-0d982de09d9960fc4",
            "associate_public_ip_address": true,
            "availability_zone": "us-east-1a",
            "capacity_reservation_specification": [
              {
                "capacity_reservation_preference": "open",
                "capacity_reservation_target": []
              }
            ],
            "cpu_core_count": 1,
            "cpu_options": [
              {
                "amd_sev_snp": "",
                "core_count": 1,
                "threads_per_core": 1
              }
            ],
            "cpu_threads_per_core": 1,
            "credit_specification": [
              {
                "cpu_credits": "standard"
              }
            ],
            "disable_api_stop": false,
            "disable_api_termination": false,
            "ebs_block_device": [],
            "ebs_optimized": false,
            "enclave_options": [
              {
                "enabled": false
              }
            ],
            "ephemeral_block_device": [],
            "get_password_data": false,
            "hibernation": false,
            "host_id": "",
            "host_resource_group_arn": null,
            "iam_instance_profile": "Elastic_Agent_EC2_Profile",
            "id": "i-0d982de09d9960fc4",
            "instance_initiated_shutdown_behavior": "stop",
            "instance_state": "running",
            "instance_type": "t2.micro",
            "ipv6_address_count": 0,
            "ipv6_addresses": [],
            "key_name": "",
            "launch_template": [],
            "maintenance_options": [
              {
                "auto_recovery": "default"
              }
            ],
            "metadata_options": [
              {
                "http_endpoint": "enabled",
                "http_put_response_hop_limit": 2,
                "http_tokens": "required",
                "instance_metadata_tags": "disabled"
              }
            ],
            "monitoring": false,
            "network_interface": [],
            "outpost_arn": "",
            "password_data": "",
            "placement_group": "",
            "placement_partition_number": 0,
            "primary_network_interface_id": "eni-0263e64fc4c2439ea",
            "private_dns": "ip-172-31-46-148.ec2.internal",
            "private_dns_name_options": [
              {
                "enable_resource_name_dns_a_record": false,
                "enable_resource_name_dns_aaaa_record": false,
                "hostname_type": "ip-name"
              }
            ],
            "private_ip": "172.31.46.148",
            "public_dns": "ec2-107-21-29-212.compute-1.amazonaws.com",
            "public_ip": "107.21.29.212",
            "root_block_device": [
              {
                "delete_on_termination": true,
                "device_name": "/dev/xvda",
                "encrypted": false,
                "iops": 3000,
                "kms_key_id": "",
                "tags": {},
                "throughput": 125,
                "volume_id": "vol-0a83c2248a1db5a40",
                "volume_size": 8,
                "volume_type": "gp3"
              }
            ],
            "secondary_private_ips": [],
            "security_groups": [
              "EC2_Access SG"
            ],
            "source_dest_check": true,
            "subnet_id": "subnet-02f92f879ae5651ec",
            "tags": {
              "Name": "ElasticAgent_Machine"
            },
            "tags_all": {
              "Name": "ElasticAgent_Machine"
            },
            "tenancy": "default",
            "timeouts": null,
            "user_data": "f03d922d902db16358394a9ac19300413bb82c84",
            "user_data_base64": null,
            "user_data_replace_on_change": true,
            "volume_tags": null,
            "vpc_security_group_ids": [
              "sg-0ff13f9275b711249"
            ]
          },
          "sensitive_attributes": [],
          "private": "eyJlMmJmYjczMC1lY2FhLTExZTYtOGY4OC0zNDM2M2JjN2M0YzAiOnsiY3JlYXRlIjo2MDAwMDAwMDAwMDAsImRlbGV0ZSI6MTIwMDAwMDAwMDAwMCwidXBkYXRlIjo2MDAwMDAwMDAwMDB9LCJzY2hlbWFfdmVyc2lvbiI6IjEifQ==",
          "dependencies": [
            "aws_iam_instance_profile.elastic_agent_ec2_profile",
            "aws_iam_role.elastic_agent_ec2_role",
            "aws_security_group.aws_ec2_access_sg",
            "random_string.random_data"
          ]
        }
      ]
    },
    {
      "mode": "managed",
      "type": "aws_kms_alias",
      "name": "guardduty_kms_alias_name",
      "provider": "provider[\"registry.terraform.io/hashicorp/aws\"]",
      "instances": [
        {
          "schema_version": 0,
          "attributes": {
            "arn": "arn:aws:kms:us-east-1:503675346867:alias/guardduty/GuardDuty-S3-Store-Key",
            "id": "alias/guardduty/GuardDuty-S3-Store-Key",
            "name": "alias/guardduty/GuardDuty-S3-Store-Key",
            "name_prefix": "",
            "target_key_arn": "arn:aws:kms:us-east-1:503675346867:key/705a2802-8fee-436f-978a-9a118b344ea7",
            "target_key_id": "705a2802-8fee-436f-978a-9a118b344ea7"
          },
          "sensitive_attributes": [],
          "private": "bnVsbA==",
          "dependencies": [
            "aws_kms_key.guardduty_s3_encrypt_kms_key"
          ]
        }
      ]
    },
    {
      "mode": "managed",
      "type": "aws_kms_key",
      "name": "guardduty_s3_encrypt_kms_key",
      "provider": "provider[\"registry.terraform.io/hashicorp/aws\"]",
      "instances": [
        {
          "schema_version": 0,
          "attributes": {
            "arn": "arn:aws:kms:us-east-1:503675346867:key/705a2802-8fee-436f-978a-9a118b344ea7",
            "bypass_policy_lockout_safety_check": false,
            "custom_key_store_id": "",
            "customer_master_key_spec": "SYMMETRIC_DEFAULT",
            "deletion_window_in_days": null,
            "description": "Used by GuardDuty to Encrypt and Store the GuardDuty Events on S3",
            "enable_key_rotation": false,
            "id": "705a2802-8fee-436f-978a-9a118b344ea7",
            "is_enabled": true,
            "key_id": "705a2802-8fee-436f-978a-9a118b344ea7",
            "key_usage": "ENCRYPT_DECRYPT",
            "multi_region": false,
            "policy": "{\"Id\":\"key-default-1\",\"Statement\":[{\"Action\":\"kms:*\",\"Effect\":\"Allow\",\"Principal\":{\"AWS\":\"arn:aws:iam::503675346867:root\"},\"Resource\":\"*\",\"Sid\":\"Enable IAM User Permissions\"}],\"Version\":\"2012-10-17\"}",
            "tags": null,
            "tags_all": {}
          },
          "sensitive_attributes": [],
          "private": "bnVsbA=="
        }
      ]
    },
    {
      "mode": "managed",
      "type": "aws_kms_key_policy",
      "name": "guardduty_s3_encrypt_kms_key_policy",
      "provider": "provider[\"registry.terraform.io/hashicorp/aws\"]",
      "instances": [
        {
          "schema_version": 0,
          "attributes": {
            "bypass_policy_lockout_safety_check": false,
            "id": "705a2802-8fee-436f-978a-9a118b344ea7",
            "key_id": "705a2802-8fee-436f-978a-9a118b344ea7",
            "policy": "{\"Statement\":[{\"Action\":\"kms:*\",\"Effect\":\"Allow\",\"Principal\":{\"AWS\":\"arn:aws:iam::503675346867:root\"},\"Resource\":\"arn:aws:kms:us-east-1:503675346867:key/705a2802-8fee-436f-978a-9a118b344ea7\",\"Sid\":\"Allow Root User to Access the Key\"},{\"Action\":\"kms:GenerateDataKey\",\"Effect\":\"Allow\",\"Principal\":{\"Service\":\"guardduty.amazonaws.com\"},\"Resource\":\"arn:aws:kms:us-east-1:503675346867:key/705a2802-8fee-436f-978a-9a118b344ea7\",\"Sid\":\"Allow GuardDuty to Encrypt findings\"}],\"Version\":\"2012-10-17\"}"
          },
          "sensitive_attributes": [],
          "private": "bnVsbA==",
          "dependencies": [
            "aws_kms_key.guardduty_s3_encrypt_kms_key",
            "data.aws_caller_identity.current",
            "data.aws_iam_policy_document.guardduty_s3_encrypt_kms_key_policy_document"
          ]
        }
      ]
    },
    {
      "mode": "managed",
      "type": "aws_lambda_function",
      "name": "guardduty_lambda_alert",
      "provider": "provider[\"registry.terraform.io/hashicorp/aws\"]",
      "instances": [
        {
          "schema_version": 0,
          "attributes": {
            "architectures": [
              "x86_64"
            ],
            "arn": "arn:aws:lambda:us-east-1:503675346867:function:GuardDutyAlert",
            "code_signing_config_arn": "",
            "dead_letter_config": [],
            "description": "Handles GuardDuty Alert Received from EventBridge and Alerts Security Team",
            "environment": [
              {
                "variables": {
                  "RANDOM_STRING": "*+utM(Gs=8l@T9CG",
                  "SLACK_WEBHOOK_URL": "https://hooks.slack.com/services/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"
                }
              }
            ],
            "ephemeral_storage": [
              {
                "size": 512
              }
            ],
            "file_system_config": [],
            "filename": "guardduty_alerts_slack.zip",
            "function_name": "GuardDutyAlert",
            "handler": "guardduty_alerts_slack.lambda_handler",
            "id": "GuardDutyAlert",
            "image_config": [],
            "image_uri": "",
            "invoke_arn": "arn:aws:apigateway:us-east-1:lambda:path/2015-03-31/functions/arn:aws:lambda:us-east-1:503675346867:function:GuardDutyAlert/invocations",
            "kms_key_arn": "",
            "last_modified": "2023-09-10T11:03:25.355+0000",
            "layers": null,
            "memory_size": 128,
            "package_type": "Zip",
            "publish": false,
            "qualified_arn": "arn:aws:lambda:us-east-1:503675346867:function:GuardDutyAlert:$LATEST",
            "qualified_invoke_arn": "arn:aws:apigateway:us-east-1:lambda:path/2015-03-31/functions/arn:aws:lambda:us-east-1:503675346867:function:GuardDutyAlert:$LATEST/invocations",
            "replace_security_groups_on_destroy": null,
            "replacement_security_group_ids": null,
            "reserved_concurrent_executions": -1,
            "role": "arn:aws:iam::503675346867:role/iam_for_lambda",
            "runtime": "python3.9",
            "s3_bucket": null,
            "s3_key": null,
            "s3_object_version": null,
            "signing_job_arn": "",
            "signing_profile_version_arn": "",
            "skip_destroy": false,
            "snap_start": [],
            "source_code_hash": "U3iWIuCEAP9KeX5ZkywK/XXY+AofGgox04tAo5Wsc7E=",
            "source_code_size": 2388,
            "tags": null,
            "tags_all": {},
            "timeout": 3,
            "timeouts": null,
            "tracing_config": [
              {
                "mode": "PassThrough"
              }
            ],
            "version": "$LATEST",
            "vpc_config": []
          },
          "sensitive_attributes": [],
          "private": "eyJlMmJmYjczMC1lY2FhLTExZTYtOGY4OC0zNDM2M2JjN2M0YzAiOnsiY3JlYXRlIjo2MDAwMDAwMDAwMDAsImRlbGV0ZSI6NjAwMDAwMDAwMDAwLCJ1cGRhdGUiOjYwMDAwMDAwMDAwMH19",
          "dependencies": [
            "aws_iam_policy.lambda_allow_putlogs_to_cloudwatch",
            "aws_iam_role.iam_for_lambda",
            "data.archive_file.guardduty_py_zip",
            "data.aws_caller_identity.current",
            "data.aws_iam_policy_document.lambda_assume_role",
            "data.aws_region.current",
            "random_string.random_data"
          ]
        }
      ]
    },
    {
      "mode": "managed",
      "type": "aws_lambda_invocation",
      "name": "guardduty_lambda_alert_invoke",
      "provider": "provider[\"registry.terraform.io/hashicorp/aws\"]",
      "instances": [
        {
          "schema_version": 0,
          "attributes": {
            "function_name": "GuardDutyAlert",
            "id": "GuardDutyAlert_$LATEST_ac387451b4ed7f1ee03bce5b201fe76b",
            "input": "{\r\n    \"version\": \"0\",\r\n    \"id\": \"71561e54-7959-62b0-03b3-537d8b23848d\",\r\n    \"detail-type\": \"GuardDuty Finding\",\r\n    \"source\": \"aws.guardduty\",\r\n    \"account\": \"000000000000\",\r\n    \"time\": \"2023-09-09T12:40:02Z\",\r\n    \"region\": \"us-east-1\",\r\n    \"resources\": [],\r\n    \"detail\": {\r\n        \"schemaVersion\": \"2.0\",\r\n        \"accountId\": \"000000000000\",\r\n        \"region\": \"us-east-1\",\r\n        \"partition\": \"aws\",\r\n        \"id\": \"02c53cf9980d6ac6c353a5734f4a4b19\",\r\n        \"arn\": \"arn:aws:guardduty:us-east-1:000000000000:detector/54c53cee661562b4f19056104078daef/finding/02c53cf9980d6ac6c353a5734f4a4b19\",\r\n        \"type\": \"InvokeSuccess:TestLambdaEvent\",\r\n        \"resource\": {\r\n            \"resourceType\": \"Instance\",\r\n            \"instanceDetails\": {\r\n                \"instanceId\": \"i-08f7ba1639386c53e\",\r\n                \"instanceType\": \"t2.micro\",\r\n                \"launchTime\": \"2023-09-09T12:13:58.000Z\",\r\n                \"platform\": null,\r\n                \"productCodes\": [],\r\n                \"iamInstanceProfile\": {\r\n                    \"arn\": \"arn:aws:iam::000000000000:instance-profile/ec2_profile\",\r\n                    \"id\": \"AIPAWL2YUJ2BNYXIMHXDS\"\r\n                },\r\n                \"networkInterfaces\": [\r\n                    {\r\n                        \"ipv6Addresses\": [],\r\n                        \"networkInterfaceId\": \"eni-02e8bb9905010bea9\",\r\n                        \"privateDnsName\": \"ip-172-31-47-181.ec2.internal\",\r\n                        \"privateIpAddress\": \"172.31.47.181\",\r\n                        \"privateIpAddresses\": [\r\n                            {\r\n                                \"privateDnsName\": \"ip-172-31-47-181.ec2.internal\",\r\n                                \"privateIpAddress\": \"172.31.47.181\"\r\n                            }\r\n                        ],\r\n                        \"subnetId\": \"subnet-081b2334b057ef84a\",\r\n                        \"vpcId\": \"vpc-04042fb07cd336f5d\",\r\n                        \"securityGroups\": [\r\n                            {\r\n                                \"groupName\": \"Ec2_Access SG\",\r\n                                \"groupId\": \"sg-0a9e2a25fc21b46e3\"\r\n                            }\r\n                        ],\r\n                        \"publicDnsName\": \"ec2-35-153-104-199.compute-1.amazonaws.com\",\r\n                        \"publicIp\": \"35.153.104.199\"\r\n                    }\r\n                ],\r\n                \"outpostArn\": null,\r\n                \"tags\": [\r\n                    {\r\n                        \"key\": \"Name\",\r\n                        \"value\": \"Attacker_Machine\"\r\n                    }\r\n                ],\r\n                \"instanceState\": \"running\",\r\n                \"availabilityZone\": \"us-east-1d\",\r\n                \"imageId\": \"ami-0715c1897453cabd1\",\r\n                \"imageDescription\": \"Amazon Linux 2023 AMI 2023.0.20230517.1 x86_64 HVM kernel-6.1\"\r\n            }\r\n        },\r\n        \"service\": {\r\n            \"serviceName\": \"guardduty\",\r\n            \"detectorId\": \"54c53cee661562b4f19056104078daef\",\r\n            \"action\": {\r\n                \"actionType\": \"DNS_REQUEST\",\r\n                \"dnsRequestAction\": {\r\n                    \"domain\": \"0mbbcenpjyobgcbvgiggudgbwyfprprcciwmigq8oybc6tnw0igz83mugcuaj6.ximdiymhfwmdsbctfuq9xkygaq59fsoxzawfbt2qthv7bjxloxle_jvvc.pmp243ppxp-z26aaahh6u.fillit.thisdomaindoesnotexists.com\",\r\n                    \"protocol\": \"0\",\r\n                    \"blocked\": false\r\n                }\r\n            },\r\n            \"resourceRole\": \"TARGET\",\r\n            \"additionalInfo\": {\r\n                \"domain\": \"0mbbcenpjyobgcbvgiggudgbwyfprprcciwmigq8oybc6tnw0igz83mugcuaj6.ximdiymhfwmdsbctfuq9xkygaq59fsoxzawfbt2qthv7bjxloxle_jvvc.pmp243ppxp-z26aaahh6u.fillit.thisdomaindoesnotexists.com\",\r\n                \"value\": \"{\\\"domain\\\":\\\"0mbbcenpjyobgcbvgiggudgbwyfprprcciwmigq8oybc6tnw0igz83mugcuaj6.ximdiymhfwmdsbctfuq9xkygaq59fsoxzawfbt2qthv7bjxloxle_jvvc.pmp243ppxp-z26aaahh6u.fillit.thisdomaindoesnotexists.com\\\"}\",\r\n                \"type\": \"default\"\r\n            },\r\n            \"eventFirstSeen\": \"2023-09-09T12:19:08.000Z\",\r\n            \"eventLastSeen\": \"2023-09-09T12:19:08.000Z\",\r\n            \"archived\": false,\r\n            \"count\": 1\r\n        },\r\n        \"severity\": 8,\r\n        \"createdAt\": \"2023-09-09T12:38:15.322Z\",\r\n        \"updatedAt\": \"2023-09-09T12:38:15.322Z\",\r\n        \"title\": \"Data exfiltration through DNS queries from EC2 instance i-08f7ba1639386c53e.\",\r\n        \"description\": \"InvokeSuccess:TestLambdaEvent - This is an Test Event created to Validate the Lambda Trigger and Alert on Slack.\"\r\n    }\r\n}\r\n\r\n",
            "qualifier": "$LATEST",
            "result": "\"Completed\"",
            "triggers": {
              "redeployment": "c26de2fba17ae4b5c64bd592ee0505baf850a4da"
            }
          },
          "sensitive_attributes": [],
          "private": "bnVsbA==",
          "dependencies": [
            "aws_iam_policy.lambda_allow_putlogs_to_cloudwatch",
            "aws_iam_role.iam_for_lambda",
            "aws_lambda_function.guardduty_lambda_alert",
            "data.archive_file.guardduty_py_zip",
            "data.aws_caller_identity.current",
            "data.aws_iam_policy_document.lambda_assume_role",
            "data.aws_region.current",
            "random_string.random_data"
          ]
        }
      ]
    },
    {
      "mode": "managed",
      "type": "aws_lambda_permission",
      "name": "allow_eventbridge_rule_to_call_lambda_function",
      "provider": "provider[\"registry.terraform.io/hashicorp/aws\"]",
      "instances": [
        {
          "schema_version": 0,
          "attributes": {
            "action": "lambda:InvokeFunction",
            "event_source_token": null,
            "function_name": "GuardDutyAlert",
            "function_url_auth_type": null,
            "id": "AllowInvokeFunctionFromEventBridge",
            "principal": "events.amazonaws.com",
            "principal_org_id": null,
            "qualifier": "",
            "source_account": null,
            "source_arn": "arn:aws:events:us-east-1:503675346867:rule/GuardDuty_EventBridge_Rule",
            "statement_id": "AllowInvokeFunctionFromEventBridge",
            "statement_id_prefix": ""
          },
          "sensitive_attributes": [],
          "private": "bnVsbA==",
          "dependencies": [
            "aws_cloudwatch_event_rule.guardduty_eventbridge_rule",
            "aws_iam_policy.lambda_allow_putlogs_to_cloudwatch",
            "aws_iam_role.iam_for_lambda",
            "aws_lambda_function.guardduty_lambda_alert",
            "data.archive_file.guardduty_py_zip",
            "data.aws_caller_identity.current",
            "data.aws_iam_policy_document.lambda_assume_role",
            "data.aws_region.current",
            "random_string.random_data"
          ]
        }
      ]
    },
    {
      "mode": "managed",
      "type": "aws_s3_bucket",
      "name": "attacker_scripts",
      "provider": "provider[\"registry.terraform.io/hashicorp/aws\"]",
      "instances": [
        {
          "schema_version": 0,
          "attributes": {
            "acceleration_status": "",
            "acl": null,
            "arn": "arn:aws:s3:::attacker-scripts20230910110312773900000001",
            "bucket": "attacker-scripts20230910110312773900000001",
            "bucket_domain_name": "attacker-scripts20230910110312773900000001.s3.amazonaws.com",
            "bucket_prefix": "attacker-scripts",
            "bucket_regional_domain_name": "attacker-scripts20230910110312773900000001.s3.us-east-1.amazonaws.com",
            "cors_rule": [],
            "force_destroy": false,
            "grant": [
              {
                "id": "a7a4ec728a9a1f8bf97fed237bc9d9102e3f2768c742af134fc0f2fedd6a680c",
                "permissions": [
                  "FULL_CONTROL"
                ],
                "type": "CanonicalUser",
                "uri": ""
              }
            ],
            "hosted_zone_id": "Z3AQBSTGFYJSTF",
            "id": "attacker-scripts20230910110312773900000001",
            "lifecycle_rule": [],
            "logging": [],
            "object_lock_configuration": [],
            "object_lock_enabled": false,
            "policy": "",
            "region": "us-east-1",
            "replication_configuration": [],
            "request_payer": "BucketOwner",
            "server_side_encryption_configuration": [
              {
                "rule": [
                  {
                    "apply_server_side_encryption_by_default": [
                      {
                        "kms_master_key_id": "",
                        "sse_algorithm": "AES256"
                      }
                    ],
                    "bucket_key_enabled": false
                  }
                ]
              }
            ],
            "tags": null,
            "tags_all": {},
            "timeouts": null,
            "versioning": [
              {
                "enabled": false,
                "mfa_delete": false
              }
            ],
            "website": [],
            "website_domain": null,
            "website_endpoint": null
          },
          "sensitive_attributes": [],
          "private": "eyJlMmJmYjczMC1lY2FhLTExZTYtOGY4OC0zNDM2M2JjN2M0YzAiOnsiY3JlYXRlIjoxMjAwMDAwMDAwMDAwLCJkZWxldGUiOjM2MDAwMDAwMDAwMDAsInJlYWQiOjEyMDAwMDAwMDAwMDAsInVwZGF0ZSI6MTIwMDAwMDAwMDAwMH19"
        }
      ]
    },
    {
      "mode": "managed",
      "type": "aws_s3_bucket",
      "name": "guardduty_s3_bucket",
      "provider": "provider[\"registry.terraform.io/hashicorp/aws\"]",
      "instances": [
        {
          "schema_version": 0,
          "attributes": {
            "acceleration_status": "",
            "acl": null,
            "arn": "arn:aws:s3:::aws-guardduty-export20230910110312777800000002",
            "bucket": "aws-guardduty-export20230910110312777800000002",
            "bucket_domain_name": "aws-guardduty-export20230910110312777800000002.s3.amazonaws.com",
            "bucket_prefix": "aws-guardduty-export",
            "bucket_regional_domain_name": "aws-guardduty-export20230910110312777800000002.s3.us-east-1.amazonaws.com",
            "cors_rule": [],
            "force_destroy": false,
            "grant": [
              {
                "id": "a7a4ec728a9a1f8bf97fed237bc9d9102e3f2768c742af134fc0f2fedd6a680c",
                "permissions": [
                  "FULL_CONTROL"
                ],
                "type": "CanonicalUser",
                "uri": ""
              }
            ],
            "hosted_zone_id": "Z3AQBSTGFYJSTF",
            "id": "aws-guardduty-export20230910110312777800000002",
            "lifecycle_rule": [],
            "logging": [],
            "object_lock_configuration": [],
            "object_lock_enabled": false,
            "policy": "",
            "region": "us-east-1",
            "replication_configuration": [],
            "request_payer": "BucketOwner",
            "server_side_encryption_configuration": [
              {
                "rule": [
                  {
                    "apply_server_side_encryption_by_default": [
                      {
                        "kms_master_key_id": "",
                        "sse_algorithm": "AES256"
                      }
                    ],
                    "bucket_key_enabled": false
                  }
                ]
              }
            ],
            "tags": null,
            "tags_all": {},
            "timeouts": null,
            "versioning": [
              {
                "enabled": false,
                "mfa_delete": false
              }
            ],
            "website": [],
            "website_domain": null,
            "website_endpoint": null
          },
          "sensitive_attributes": [],
          "private": "eyJlMmJmYjczMC1lY2FhLTExZTYtOGY4OC0zNDM2M2JjN2M0YzAiOnsiY3JlYXRlIjoxMjAwMDAwMDAwMDAwLCJkZWxldGUiOjM2MDAwMDAwMDAwMDAsInJlYWQiOjEyMDAwMDAwMDAwMDAsInVwZGF0ZSI6MTIwMDAwMDAwMDAwMH19"
        }
      ]
    },
    {
      "mode": "managed",
      "type": "aws_s3_bucket_policy",
      "name": "guardduty_s3_bucket_policy",
      "provider": "provider[\"registry.terraform.io/hashicorp/aws\"]",
      "instances": [
        {
          "schema_version": 0,
          "attributes": {
            "bucket": "aws-guardduty-export20230910110312777800000002",
            "id": "aws-guardduty-export20230910110312777800000002",
            "policy": "{\"Statement\":[{\"Action\":[\"s3:PutObject\",\"s3:GetBucketLocation\"],\"Effect\":\"Allow\",\"Principal\":{\"Service\":\"guardduty.amazonaws.com\"},\"Resource\":[\"arn:aws:s3:::aws-guardduty-export20230910110312777800000002/*\",\"arn:aws:s3:::aws-guardduty-export20230910110312777800000002\"],\"Sid\":\"GuardDutyServicePutToS3\"}],\"Version\":\"2012-10-17\"}"
          },
          "sensitive_attributes": [],
          "private": "bnVsbA==",
          "dependencies": [
            "aws_s3_bucket.guardduty_s3_bucket",
            "data.aws_iam_policy_document.guardduty_s3_bucket_policy_document"
          ]
        }
      ]
    },
    {
      "mode": "managed",
      "type": "aws_s3_object",
      "name": "attacker_scripts_upload",
      "provider": "provider[\"registry.terraform.io/hashicorp/aws\"]",
      "instances": [
        {
          "index_key": "dns-exfilteration-nonexistingdomain-queries.txt",
          "schema_version": 0,
          "attributes": {
            "acl": null,
            "bucket": "attacker-scripts20230910110312773900000001",
            "bucket_key_enabled": false,
            "cache_control": "",
            "content": null,
            "content_base64": null,
            "content_disposition": "",
            "content_encoding": "",
            "content_language": "",
            "content_type": "binary/octet-stream",
            "etag": "ad07f0b40a637943ad72746dadb7463b",
            "force_destroy": false,
            "id": "dns-exfilteration-nonexistingdomain-queries.txt",
            "key": "dns-exfilteration-nonexistingdomain-queries.txt",
            "kms_key_id": null,
            "metadata": null,
            "object_lock_legal_hold_status": "",
            "object_lock_mode": "",
            "object_lock_retain_until_date": "",
            "server_side_encryption": "AES256",
            "source": "../sh_code/dns-exfilteration-nonexistingdomain-queries.txt",
            "source_hash": null,
            "storage_class": "STANDARD",
            "tags": null,
            "tags_all": {},
            "version_id": "",
            "website_redirect": ""
          },
          "sensitive_attributes": [],
          "private": "bnVsbA==",
          "dependencies": [
            "aws_s3_bucket.attacker_scripts"
          ]
        },
        {
          "index_key": "guardduty-setup-qa.sh",
          "schema_version": 0,
          "attributes": {
            "acl": null,
            "bucket": "attacker-scripts20230910110312773900000001",
            "bucket_key_enabled": false,
            "cache_control": "",
            "content": null,
            "content_base64": null,
            "content_disposition": "",
            "content_encoding": "",
            "content_language": "",
            "content_type": "binary/octet-stream",
            "etag": "2c041ce83be315e994bed26889bb5b54",
            "force_destroy": false,
            "id": "guardduty-setup-qa.sh",
            "key": "guardduty-setup-qa.sh",
            "kms_key_id": null,
            "metadata": null,
            "object_lock_legal_hold_status": "",
            "object_lock_mode": "",
            "object_lock_retain_until_date": "",
            "server_side_encryption": "AES256",
            "source": "../sh_code/guardduty-setup-qa.sh",
            "source_hash": null,
            "storage_class": "STANDARD",
            "tags": null,
            "tags_all": {},
            "version_id": "",
            "website_redirect": ""
          },
          "sensitive_attributes": [],
          "private": "bnVsbA==",
          "dependencies": [
            "aws_s3_bucket.attacker_scripts"
          ]
        }
      ]
    },
    {
      "mode": "managed",
      "type": "aws_security_group",
      "name": "aws_ec2_access_sg",
      "provider": "provider[\"registry.terraform.io/hashicorp/aws\"]",
      "instances": [
        {
          "schema_version": 1,
          "attributes": {
            "arn": "arn:aws:ec2:us-east-1:503675346867:security-group/sg-0ff13f9275b711249",
            "description": "Managed by Terraform",
            "egress": [
              {
                "cidr_blocks": [
                  "0.0.0.0/0"
                ],
                "description": "",
                "from_port": 0,
                "ipv6_cidr_blocks": [],
                "prefix_list_ids": [],
                "protocol": "-1",
                "security_groups": [],
                "self": false,
                "to_port": 0
              }
            ],
            "id": "sg-0ff13f9275b711249",
            "ingress": [
              {
                "cidr_blocks": [
                  "0.0.0.0/0"
                ],
                "description": "80 from the internet",
                "from_port": 80,
                "ipv6_cidr_blocks": [],
                "prefix_list_ids": [],
                "protocol": "tcp",
                "security_groups": [],
                "self": false,
                "to_port": 80
              },
              {
                "cidr_blocks": [
                  "0.0.0.0/0"
                ],
                "description": "SSH from the internet",
                "from_port": 22,
                "ipv6_cidr_blocks": [],
                "prefix_list_ids": [],
                "protocol": "tcp",
                "security_groups": [],
                "self": false,
                "to_port": 22
              }
            ],
            "name": "EC2_Access SG",
            "name_prefix": "",
            "owner_id": "503675346867",
            "revoke_rules_on_delete": false,
            "tags": null,
            "tags_all": {},
            "timeouts": null,
            "vpc_id": "vpc-075e0b3705abe9501"
          },
          "sensitive_attributes": [],
          "private": "eyJlMmJmYjczMC1lY2FhLTExZTYtOGY4OC0zNDM2M2JjN2M0YzAiOnsiY3JlYXRlIjo2MDAwMDAwMDAwMDAsImRlbGV0ZSI6OTAwMDAwMDAwMDAwfSwic2NoZW1hX3ZlcnNpb24iOiIxIn0="
        }
      ]
    },
    {
      "mode": "managed",
      "type": "random_string",
      "name": "random_data",
      "provider": "provider[\"registry.terraform.io/hashicorp/random\"]",
      "instances": [
        {
          "schema_version": 2,
          "attributes": {
            "id": "*+utM(Gs=8l@T9CG",
            "keepers": null,
            "length": 16,
            "lower": true,
            "min_lower": 0,
            "min_numeric": 0,
            "min_special": 0,
            "min_upper": 0,
            "number": true,
            "numeric": true,
            "override_special": null,
            "result": "*+utM(Gs=8l@T9CG",
            "special": true,
            "upper": true
          },
          "sensitive_attributes": []
        }
      ]
    }
  ],
  "check_results": null
}
